
Microsoft Visual Studio Solution File, Format Version 12.00
# Visual Studio Version 17
VisualStudioVersion = 17.14.36603.0 d17.14
MinimumVisualStudioVersion = 10.0.40219.1
Project("{FAE04EC0-301F-11D3-BF4B-00C04F79EFBC}") = "WMINDEdgeGateway", "WMINDEdgeGateway\WMINDEdgeGateway.csproj", "{D0732FCD-26A5-4455-85D8-3145A928C602}"
EndProject
Project("{FAE04EC0-301F-11D3-BF4B-00C04F79EFBC}") = "WMINDEdgeGateway.Domain", "WMINDEdgeGateway.Domain\WMINDEdgeGateway.Domain.csproj", "{31182688-6F31-4526-9224-8A66E570A6CE}"
EndProject
Project("{FAE04EC0-301F-11D3-BF4B-00C04F79EFBC}") = "WMINDEdgeGateway.Application", "WMINDEdgeGateway.Application\WMINDEdgeGateway.Application.csproj", "{1C433192-414E-4A2D-A210-942EF35AEB1D}"
EndProject
Project("{FAE04EC0-301F-11D3-BF4B-00C04F79EFBC}") = "WMINDEdgeGateway.Infrastructure", "WMINDEdgeGateway.Infrastructure\WMINDEdgeGateway.Infrastructure.csproj", "{15FC39A7-3B6A-424C-A15C-267ED70374F2}"
EndProject
Global
	GlobalSection(SolutionConfigurationPlatforms) = preSolution
		Debug|Any CPU = Debug|Any CPU
		Release|Any CPU = Release|Any CPU
	EndGlobalSection
	GlobalSection(ProjectConfigurationPlatforms) = postSolution
		{D0732FCD-26A5-4455-85D8-3145A928C602}.Debug|Any CPU.ActiveCfg = Debug|Any CPU
		{D0732FCD-26A5-4455-85D8-3145A928C602}.Debug|Any CPU.Build.0 = Debug|Any CPU
		{D0732FCD-26A5-4455-85D8-3145A928C602}.Release|Any CPU.ActiveCfg = Release|Any CPU
		{D0732FCD-26A5-4455-85D8-3145A928C602}.Release|Any CPU.Build.0 = Release|Any CPU
		{31182688-6F31-4526-9224-8A66E570A6CE}.Debug|Any CPU.ActiveCfg = Debug|Any CPU
		{31182688-6F31-4526-9224-8A66E570A6CE}.Debug|Any CPU.Build.0 = Debug|Any CPU
		{31182688-6F31-4526-9224-8A66E570A6CE}.Release|Any CPU.ActiveCfg = Release|Any CPU
		{31182688-6F31-4526-9224-8A66E570A6CE}.Release|Any CPU.Build.0 = Release|Any CPU
		{1C433192-414E-4A2D-A210-942EF35AEB1D}.Debug|Any CPU.ActiveCfg = Debug|Any CPU
		{1C433192-414E-4A2D-A210-942EF35AEB1D}.Debug|Any CPU.Build.0 = Debug|Any CPU
		{1C433192-414E-4A2D-A210-942EF35AEB1D}.Release|Any CPU.ActiveCfg = Release|Any CPU
		{1C433192-414E-4A2D-A210-942EF35AEB1D}.Release|Any CPU.Build.0 = Release|Any CPU
		{15FC39A7-3B6A-424C-A15C-267ED70374F2}.Debug|Any CPU.ActiveCfg = Debug|Any CPU
		{15FC39A7-3B6A-424C-A15C-267ED70374F2}.Debug|Any CPU.Build.0 = Debug|Any CPU
		{15FC39A7-3B6A-424C-A15C-267ED70374F2}.Release|Any CPU.ActiveCfg = Release|Any CPU
		{15FC39A7-3B6A-424C-A15C-267ED70374F2}.Release|Any CPU.Build.0 = Release|Any CPU
	EndGlobalSection
	GlobalSection(SolutionProperties) = preSolution
		HideSolutionNode = FALSE
	EndGlobalSection
	GlobalSection(ExtensibilityGlobals) = postSolution
		SolutionGuid = {9433D7B2-76E3-432D-B05D-6222E7805B7E}
	EndGlobalSection
EndGlobal
